// !$*UTF8*$!
{
	archiveVersion = 1;
	classes = {
	};
	objectVersion = 54;
	objects = {

/* Begin PBXBuildFile section */
		029613DA24F322C60051B5AD /* EggChainApp.swift in Sources */ = {isa = PBXBuildFile; fileRef = 029613D924F322C60051B5AD /* EggChainApp.swift */; };
		029613DC24F322C60051B5AD /* ContentView.swift in Sources */ = {isa = PBXBuildFile; fileRef = 029613DB24F322C60051B5AD /* ContentView.swift */; };
		029613DE24F322CE0051B5AD /* Assets.xcassets in Resources */ = {isa = PBXBuildFile; fileRef = 029613DD24F322CE0051B5AD /* Assets.xcassets */; };
		029613E124F322CE0051B5AD /* Preview Assets.xcassets in Resources */ = {isa = PBXBuildFile; fileRef = 029613E024F322CE0051B5AD /* Preview Assets.xcassets */; };
		0296140024F3242D0051B5AD /* CodeScanner.swift in Sources */ = {isa = PBXBuildFile; fileRef = 029613FF24F3242D0051B5AD /* CodeScanner.swift */; };
		0296140424F3280E0051B5AD /* Prospect.swift in Sources */ = {isa = PBXBuildFile; fileRef = 0296140324F3280D0051B5AD /* Prospect.swift */; };
		0296140624F328960051B5AD /* PropectsView.swift in Sources */ = {isa = PBXBuildFile; fileRef = 0296140524F328960051B5AD /* PropectsView.swift */; };
		0296140824F3292D0051B5AD /* MeView.swift in Sources */ = {isa = PBXBuildFile; fileRef = 0296140724F3292D0051B5AD /* MeView.swift */; };
		02AEFFBB252936E20031A3E1 /* FetchTransaction.swift in Sources */ = {isa = PBXBuildFile; fileRef = 02AEFFBA252936E20031A3E1 /* FetchTransaction.swift */; };
		02AEFFBE252938EA0031A3E1 /* TransactionView.swift in Sources */ = {isa = PBXBuildFile; fileRef = 02AEFFBD252938EA0031A3E1 /* TransactionView.swift */; };
		02AEFFC12529444E0031A3E1 /* example.json in Resources */ = {isa = PBXBuildFile; fileRef = 02AEFFC02529444E0031A3E1 /* example.json */; };
		02C3AB6924F4B1D200D2FB90 /* InfoSheetView.swift in Sources */ = {isa = PBXBuildFile; fileRef = 02C3AB6824F4B1D200D2FB90 /* InfoSheetView.swift */; };
		02C3AB6B24F4B66900D2FB90 /* Transaction.swift in Sources */ = {isa = PBXBuildFile; fileRef = 02C3AB6A24F4B66900D2FB90 /* Transaction.swift */; };
		02C3AB6D24F50EC600D2FB90 /* AddTransactionView.swift in Sources */ = {isa = PBXBuildFile; fileRef = 02C3AB6C24F50EC600D2FB90 /* AddTransactionView.swift */; };
/* End PBXBuildFile section */

/* Begin PBXFileReference section */
		029613D624F322C60051B5AD /* EggChain.app */ = {isa = PBXFileReference; explicitFileType = wrapper.application; includeInIndex = 0; path = EggChain.app; sourceTree = BUILT_PRODUCTS_DIR; };
		029613D924F322C60051B5AD /* EggChainApp.swift */ = {isa = PBXFileReference; lastKnownFileType = sourcecode.swift; path = EggChainApp.swift; sourceTree = "<group>"; };
		029613DB24F322C60051B5AD /* ContentView.swift */ = {isa = PBXFileReference; lastKnownFileType = sourcecode.swift; path = ContentView.swift; sourceTree = "<group>"; };
		029613DD24F322CE0051B5AD /* Assets.xcassets */ = {isa = PBXFileReference; lastKnownFileType = folder.assetcatalog; path = Assets.xcassets; sourceTree = "<group>"; };
		029613E024F322CE0051B5AD /* Preview Assets.xcassets */ = {isa = PBXFileReference; lastKnownFileType = folder.assetcatalog; path = "Preview Assets.xcassets"; sourceTree = "<group>"; };
		029613E224F322CE0051B5AD /* Info.plist */ = {isa = PBXFileReference; lastKnownFileType = text.plist.xml; path = Info.plist; sourceTree = "<group>"; };
		029613FF24F3242D0051B5AD /* CodeScanner.swift */ = {isa = PBXFileReference; fileEncoding = 4; lastKnownFileType = sourcecode.swift; path = CodeScanner.swift; sourceTree = "<group>"; };
		0296140324F3280D0051B5AD /* Prospect.swift */ = {isa = PBXFileReference; lastKnownFileType = sourcecode.swift; path = Prospect.swift; sourceTree = "<group>"; };
		0296140524F328960051B5AD /* PropectsView.swift */ = {isa = PBXFileReference; lastKnownFileType = sourcecode.swift; path = PropectsView.swift; sourceTree = "<group>"; };
		0296140724F3292D0051B5AD /* MeView.swift */ = {isa = PBXFileReference; lastKnownFileType = sourcecode.swift; path = MeView.swift; sourceTree = "<group>"; };
		02AEFFBA252936E20031A3E1 /* FetchTransaction.swift */ = {isa = PBXFileReference; lastKnownFileType = sourcecode.swift; path = FetchTransaction.swift; sourceTree = "<group>"; };
		02AEFFBD252938EA0031A3E1 /* TransactionView.swift */ = {isa = PBXFileReference; lastKnownFileType = sourcecode.swift; path = TransactionView.swift; sourceTree = "<group>"; };
		02AEFFC02529444E0031A3E1 /* example.json */ = {isa = PBXFileReference; lastKnownFileType = text.json; path = example.json; sourceTree = "<group>"; };
		02C3AB6824F4B1D200D2FB90 /* InfoSheetView.swift */ = {isa = PBXFileReference; lastKnownFileType = sourcecode.swift; path = InfoSheetView.swift; sourceTree = "<group>"; };
		02C3AB6A24F4B66900D2FB90 /* Transaction.swift */ = {isa = PBXFileReference; lastKnownFileType = sourcecode.swift; path = Transaction.swift; sourceTree = "<group>"; };
		02C3AB6C24F50EC600D2FB90 /* AddTransactionView.swift */ = {isa = PBXFileReference; lastKnownFileType = sourcecode.swift; path = AddTransactionView.swift; sourceTree = "<group>"; };
/* End PBXFileReference section */

/* Begin PBXFrameworksBuildPhase section */
		029613D324F322C60051B5AD /* Frameworks */ = {
			isa = PBXFrameworksBuildPhase;
			buildActionMask = 2147483647;
			files = (
			);
			runOnlyForDeploymentPostprocessing = 0;
		};
/* End PBXFrameworksBuildPhase section */

/* Begin PBXGroup section */
		029613CD24F322C60051B5AD = {
			isa = PBXGroup;
			children = (
				029613D824F322C60051B5AD /* EggChain */,
				029613D724F322C60051B5AD /* Products */,
			);
			sourceTree = "<group>";
		};
		029613D724F322C60051B5AD /* Products */ = {
			isa = PBXGroup;
			children = (
				029613D624F322C60051B5AD /* EggChain.app */,
			);
			name = Products;
			sourceTree = "<group>";
		};
		029613D824F322C60051B5AD /* EggChain */ = {
			isa = PBXGroup;
			children = (
				029613FF24F3242D0051B5AD /* CodeScanner.swift */,
				029613D924F322C60051B5AD /* EggChainApp.swift */,
				029613DB24F322C60051B5AD /* ContentView.swift */,
				029613DD24F322CE0051B5AD /* Assets.xcassets */,
				029613E224F322CE0051B5AD /* Info.plist */,
				029613DF24F322CE0051B5AD /* Preview Content */,
				0296140324F3280D0051B5AD /* Prospect.swift */,
				0296140524F328960051B5AD /* PropectsView.swift */,
				0296140724F3292D0051B5AD /* MeView.swift */,
				02C3AB6824F4B1D200D2FB90 /* InfoSheetView.swift */,
				02C3AB6A24F4B66900D2FB90 /* Transaction.swift */,
				02C3AB6C24F50EC600D2FB90 /* AddTransactionView.swift */,
				02AEFFBA252936E20031A3E1 /* FetchTransaction.swift */,
				02AEFFBD252938EA0031A3E1 /* TransactionView.swift */,
				02AEFFC02529444E0031A3E1 /* example.json */,
			);
			path = EggChain;
			sourceTree = "<group>";
		};
		029613DF24F322CE0051B5AD /* Preview Content */ = {
			isa = PBXGroup;
			children = (
				029613E024F322CE0051B5AD /* Preview Assets.xcassets */,
			);
			path = "Preview Content";
			sourceTree = "<group>";
		};
/* End PBXGroup section */

/* Begin PBXNativeTarget section */
		029613D524F322C60051B5AD /* EggChain */ = {
			isa = PBXNativeTarget;
			buildConfigurationList = 029613E524F322CE0051B5AD /* Build configuration list for PBXNativeTarget "EggChain" */;
			buildPhases = (
				029613D224F322C60051B5AD /* Sources */,
				029613D324F322C60051B5AD /* Frameworks */,
				029613D424F322C60051B5AD /* Resources */,
			);
			buildRules = (
			);
			dependencies = (
			);
			name = EggChain;
			productName = EggChain;
			productReference = 029613D624F322C60051B5AD /* EggChain.app */;
			productType = "com.apple.product-type.application";
		};
/* End PBXNativeTarget section */

/* Begin PBXProject section */
		029613CE24F322C60051B5AD /* Project object */ = {
			isa = PBXProject;
			attributes = {
				LastSwiftUpdateCheck = 1200;
				LastUpgradeCheck = 1200;
				TargetAttributes = {
					029613D524F322C60051B5AD = {
						CreatedOnToolsVersion = 12.0;
					};
				};
			};
			buildConfigurationList = 029613D124F322C60051B5AD /* Build configuration list for PBXProject "EggChain" */;
			compatibilityVersion = "Xcode 12.0";
			developmentRegion = en;
			hasScannedForEncodings = 0;
			knownRegions = (
				en,
				Base,
			);
			mainGroup = 029613CD24F322C60051B5AD;
			productRefGroup = 029613D724F322C60051B5AD /* Products */;
			projectDirPath = "";
			projectRoot = "";
			targets = (
				029613D524F322C60051B5AD /* EggChain */,
			);
		};
/* End PBXProject section */

/* Begin PBXResourcesBuildPhase section */
		029613D424F322C60051B5AD /* Resources */ = {
			isa = PBXResourcesBuildPhase;
			buildActionMask = 2147483647;
			files = (
				029613E124F322CE0051B5AD /* Preview Assets.xcassets in Resources */,
				029613DE24F322CE0051B5AD /* Assets.xcassets in Resources */,
				02AEFFC12529444E0031A3E1 /* example.json in Resources */,
			);
			runOnlyForDeploymentPostprocessing = 0;
		};
/* End PBXResourcesBuildPhase section */

/* Begin PBXSourcesBuildPhase section */
		029613D224F322C60051B5AD /* Sources */ = {
			isa = PBXSourcesBuildPhase;
			buildActionMask = 2147483647;
			files = (
				02C3AB6D24F50EC600D2FB90 /* AddTransactionView.swift in Sources */,
				0296140824F3292D0051B5AD /* MeView.swift in Sources */,
				02C3AB6924F4B1D200D2FB90 /* InfoSheetView.swift in Sources */,
				02C3AB6B24F4B66900D2FB90 /* Transaction.swift in Sources */,
				0296140024F3242D0051B5AD /* CodeScanner.swift in Sources */,
				02AEFFBE252938EA0031A3E1 /* TransactionView.swift in Sources */,
				02AEFFBB252936E20031A3E1 /* FetchTransaction.swift in Sources */,
				0296140424F3280E0051B5AD /* Prospect.swift in Sources */,
				0296140624F328960051B5AD /* PropectsView.swift in Sources */,
				029613DC24F322C60051B5AD /* ContentView.swift in Sources */,
				029613DA24F322C60051B5AD /* EggChainApp.swift in Sources */,
			);
			runOnlyForDeploymentPostprocessing = 0;
		};
/* End PBXSourcesBuildPhase section */

/* Begin XCBuildConfiguration section */
		029613E324F322CE0051B5AD /* Debug */ = {
			isa = XCBuildConfiguration;
			buildSettings = {
				ALWAYS_SEARCH_USER_PATHS = NO;
				CLANG_ANALYZER_NONNULL = YES;
				CLANG_ANALYZER_NUMBER_OBJECT_CONVERSION = YES_AGGRESSIVE;
				CLANG_CXX_LANGUAGE_STANDARD = "gnu++14";
				CLANG_CXX_LIBRARY = "libc++";
				CLANG_ENABLE_MODULES = YES;
				CLANG_ENABLE_OBJC_ARC = YES;
				CLANG_ENABLE_OBJC_WEAK = YES;
				CLANG_WARN_BLOCK_CAPTURE_AUTORELEASING = YES;
				CLANG_WARN_BOOL_CONVERSION = YES;
				CLANG_WARN_COMMA = YES;
				CLANG_WARN_CONSTANT_CONVERSION = YES;
				CLANG_WARN_DEPRECATED_OBJC_IMPLEMENTATIONS = YES;
				CLANG_WARN_DIRECT_OBJC_ISA_USAGE = YES_ERROR;
				CLANG_WARN_DOCUMENTATION_COMMENTS = YES;
				CLANG_WARN_EMPTY_BODY = YES;
				CLANG_WARN_ENUM_CONVERSION = YES;
				CLANG_WARN_INFINITE_RECURSION = YES;
				CLANG_WARN_INT_CONVERSION = YES;
				CLANG_WARN_NON_LITERAL_NULL_CONVERSION = YES;
				CLANG_WARN_OBJC_IMPLICIT_RETAIN_SELF = YES;
				CLANG_WARN_OBJC_LITERAL_CONVERSION = YES;
				CLANG_WARN_OBJC_ROOT_CLASS = YES_ERROR;
				CLANG_WARN_QUOTED_INCLUDE_IN_FRAMEWORK_HEADER = YES;
				CLANG_WARN_RANGE_LOOP_ANALYSIS = YES;
				CLANG_WARN_STRICT_PROTOTYPES = YES;
				CLANG_WARN_SUSPICIOUS_MOVE = YES;
				CLANG_WARN_UNGUARDED_AVAILABILITY = YES_AGGRESSIVE;
				CLANG_WARN_UNREACHABLE_CODE = YES;
				CLANG_WARN__DUPLICATE_METHOD_MATCH = YES;
				COPY_PHASE_STRIP = NO;
				DEBUG_INFORMATION_FORMAT = dwarf;
				ENABLE_STRICT_OBJC_MSGSEND = YES;
				ENABLE_TESTABILITY = YES;
				GCC_C_LANGUAGE_STANDARD = gnu11;
				GCC_DYNAMIC_NO_PIC = NO;
				GCC_NO_COMMON_BLOCKS = YES;
				GCC_OPTIMIZATION_LEVEL = 0;
				GCC_PREPROCESSOR_DEFINITIONS = (
					"DEBUG=1",
					"$(inherited)",
				);
				GCC_WARN_64_TO_32_BIT_CONVERSION = YES;
				GCC_WARN_ABOUT_RETURN_TYPE = YES_ERROR;
				GCC_WARN_UNDECLARED_SELECTOR = YES;
				GCC_WARN_UNINITIALIZED_AUTOS = YES_AGGRESSIVE;
				GCC_WARN_UNUSED_FUNCTION = YES;
				GCC_WARN_UNUSED_VARIABLE = YES;
				IPHONEOS_DEPLOYMENT_TARGET = 14.0;
				MTL_ENABLE_DEBUG_INFO = INCLUDE_SOURCE;
				MTL_FAST_MATH = YES;
				ONLY_ACTIVE_ARCH = YES;
				SDKROOT = iphoneos;
				SWIFT_ACTIVE_COMPILATION_CONDITIONS = DEBUG;
				SWIFT_OPTIMIZATION_LEVEL = "-Onone";
			};
			name = Debug;
		};
		029613E424F322CE0051B5AD /* Release */ = {
			isa = XCBuildConfiguration;
			buildSettings = {
				ALWAYS_SEARCH_USER_PATHS = NO;
				CLANG_ANALYZER_NONNULL = YES;
				CLANG_ANALYZER_NUMBER_OBJECT_CONVERSION = YES_AGGRESSIVE;
				CLANG_CXX_LANGUAGE_STANDARD = "gnu++14";
				CLANG_CXX_LIBRARY = "libc++";
				CLANG_ENABLE_MODULES = YES;
				CLANG_ENABLE_OBJC_ARC = YES;
				CLANG_ENABLE_OBJC_WEAK = YES;
				CLANG_WARN_BLOCK_CAPTURE_AUTORELEASING = YES;
				CLANG_WARN_BOOL_CONVERSION = YES;
				CLANG_WARN_COMMA = YES;
				CLANG_WARN_CONSTANT_CONVERSION = YES;
				CLANG_WARN_DEPRECATED_OBJC_IMPLEMENTATIONS = YES;
				CLANG_WARN_DIRECT_OBJC_ISA_USAGE = YES_ERROR;
				CLANG_WARN_DOCUMENTATION_COMMENTS = YES;
				CLANG_WARN_EMPTY_BODY = YES;
				CLANG_WARN_ENUM_CONVERSION = YES;
				CLANG_WARN_INFINITE_RECURSION = YES;
				CLANG_WARN_INT_CONVERSION = YES;
				CLANG_WARN_NON_LITERAL_NULL_CONVERSION = YES;
				CLANG_WARN_OBJC_IMPLICIT_RETAIN_SELF = YES;
				CLANG_WARN_OBJC_LITERAL_CONVERSION = YES;
				CLANG_WARN_OBJC_ROOT_CLASS = YES_ERROR;
				CLANG_WARN_QUOTED_INCLUDE_IN_FRAMEWORK_HEADER = YES;
				CLANG_WARN_RANGE_LOOP_ANALYSIS = YES;
				CLANG_WARN_STRICT_PROTOTYPES = YES;
				CLANG_WARN_SUSPICIOUS_MOVE = YES;
				CLANG_WARN_UNGUARDED_AVAILABILITY = YES_AGGRESSIVE;
				CLANG_WARN_UNREACHABLE_CODE = YES;
				CLANG_WARN__DUPLICATE_METHOD_MATCH = YES;
				COPY_PHASE_STRIP = NO;
				DEBUG_INFORMATION_FORMAT = "dwarf-with-dsym";
				ENABLE_NS_ASSERTIONS = NO;
				ENABLE_STRICT_OBJC_MSGSEND = YES;
				GCC_C_LANGUAGE_STANDARD = gnu11;
				GCC_NO_COMMON_BLOCKS = YES;
				GCC_WARN_64_TO_32_BIT_CONVERSION = YES;
				GCC_WARN_ABOUT_RETURN_TYPE = YES_ERROR;
				GCC_WARN_UNDECLARED_SELECTOR = YES;
				GCC_WARN_UNINITIALIZED_AUTOS = YES_AGGRESSIVE;
				GCC_WARN_UNUSED_FUNCTION = YES;
				GCC_WARN_UNUSED_VARIABLE = YES;
				IPHONEOS_DEPLOYMENT_TARGET = 14.0;
				MTL_ENABLE_DEBUG_INFO = NO;
				MTL_FAST_MATH = YES;
				SDKROOT = iphoneos;
				SWIFT_COMPILATION_MODE = wholemodule;
				SWIFT_OPTIMIZATION_LEVEL = "-O";
				VALIDATE_PRODUCT = YES;
			};
			name = Release;
		};
		029613E624F322CE0051B5AD /* Debug */ = {
			isa = XCBuildConfiguration;
			buildSettings = {
				ASSETCATALOG_COMPILER_APPICON_NAME = AppIcon;
				ASSETCATALOG_COMPILER_GLOBAL_ACCENT_COLOR_NAME = AccentColor;
				CODE_SIGN_STYLE = Automatic;
				DEVELOPMENT_ASSET_PATHS = "\"EggChain/Preview Content\"";
				DEVELOPMENT_TEAM = A9B53NKP6H;
				ENABLE_PREVIEWS = YES;
				INFOPLIST_FILE = EggChain/Info.plist;
				IPHONEOS_DEPLOYMENT_TARGET = 14.0;
				LD_RUNPATH_SEARCH_PATHS = (
					"$(inherited)",
					"@executable_path/Frameworks",
				);
				PRODUCT_BUNDLE_IDENTIFIER = codes.bosh.EggChain;
				PRODUCT_NAME = "$(TARGET_NAME)";
				SWIFT_VERSION = 5.0;
				TARGETED_DEVICE_FAMILY = "1,2";
			};
			name = Debug;
		};
		029613E724F322CE0051B5AD /* Release */ = {
			isa = XCBuildConfiguration;
			buildSettings = {
				ASSETCATALOG_COMPILER_APPICON_NAME = AppIcon;
				ASSETCATALOG_COMPILER_GLOBAL_ACCENT_COLOR_NAME = AccentColor;
				CODE_SIGN_STYLE = Automatic;
				DEVELOPMENT_ASSET_PATHS = "\"EggChain/Preview Content\"";
				DEVELOPMENT_TEAM = A9B53NKP6H;
				ENABLE_PREVIEWS = YES;
				INFOPLIST_FILE = EggChain/Info.plist;
				IPHONEOS_DEPLOYMENT_TARGET = 14.0;
				LD_RUNPATH_SEARCH_PATHS = (
					"$(inherited)",
					"@executable_path/Frameworks",
				);
				PRODUCT_BUNDLE_IDENTIFIER = codes.bosh.EggChain;
				PRODUCT_NAME = "$(TARGET_NAME)";
				SWIFT_VERSION = 5.0;
				TARGETED_DEVICE_FAMILY = "1,2";
			};
			name = Release;
		};
/* End XCBuildConfiguration section */

/* Begin XCConfigurationList section */
		029613D124F322C60051B5AD /* Build configuration list for PBXProject "EggChain" */ = {
			isa = XCConfigurationList;
			buildConfigurations = (
				029613E324F322CE0051B5AD /* Debug */,
				029613E424F322CE0051B5AD /* Release */,
			);
			defaultConfigurationIsVisible = 0;
			defaultConfigurationName = Release;
		};
		029613E524F322CE0051B5AD /* Build configuration list for PBXNativeTarget "EggChain" */ = {
			isa = XCConfigurationList;
			buildConfigurations = (
				029613E624F322CE0051B5AD /* Debug */,
				029613E724F322CE0051B5AD /* Release */,
			);
			defaultConfigurationIsVisible = 0;
			defaultConfigurationName = Release;
		};
/* End XCConfigurationList section */
	};
	rootObject = 029613CE24F322C60051B5AD /* Project object */;
}
